// !$*UTF8*$!
{
	archiveVersion = 1;
	classes = {
	};
	objectVersion = 46;
	objects = {

/* Begin PBXBuildFile section */
		A5FF7BC519E7446100CA0CEA /* Launch Screen.xib in Resources */ = {isa = PBXBuildFile; fileRef = A5FF7BC419E7446100CA0CEA /* Launch Screen.xib */; };
		F676848E1911489F005C492D /* main.m in Sources */ = {isa = PBXBuildFile; fileRef = F676848D1911489F005C492D /* main.m */; };
		F67684921911489F005C492D /* AppDelegate.m in Sources */ = {isa = PBXBuildFile; fileRef = F67684911911489F005C492D /* AppDelegate.m */; };
		F67684A01911489F005C492D /* Images.xcassets in Resources */ = {isa = PBXBuildFile; fileRef = F676849F1911489F005C492D /* Images.xcassets */; };
		F67684BE19114C06005C492D /* ViewController.m in Sources */ = {isa = PBXBuildFile; fileRef = F67684BD19114C06005C492D /* ViewController.m */; };
/* End PBXBuildFile section */

/* Begin PBXFileReference section */
		A5FF7BC419E7446100CA0CEA /* Launch Screen.xib */ = {isa = PBXFileReference; fileEncoding = 4; lastKnownFileType = file.xib; path = "Launch Screen.xib"; sourceTree = "<group>"; };
		F676847E1911489F005C492D /* TopTabs.app */ = {isa = PBXFileReference; explicitFileType = wrapper.application; includeInIndex = 0; path = TopTabs.app; sourceTree = BUILT_PRODUCTS_DIR; };
		F67684891911489F005C492D /* Info.plist */ = {isa = PBXFileReference; lastKnownFileType = text.plist.xml; path = Info.plist; sourceTree = "<group>"; };
		F676848D1911489F005C492D /* main.m */ = {isa = PBXFileReference; lastKnownFileType = sourcecode.c.objc; path = main.m; sourceTree = "<group>"; };
		F67684901911489F005C492D /* AppDelegate.h */ = {isa = PBXFileReference; lastKnownFileType = sourcecode.c.h; path = AppDelegate.h; sourceTree = "<group>"; };
		F67684911911489F005C492D /* AppDelegate.m */ = {isa = PBXFileReference; lastKnownFileType = sourcecode.c.objc; path = AppDelegate.m; sourceTree = "<group>"; };
		F676849F1911489F005C492D /* Images.xcassets */ = {isa = PBXFileReference; lastKnownFileType = folder.assetcatalog; path = Images.xcassets; sourceTree = "<group>"; };
		F67684BC19114C06005C492D /* ViewController.h */ = {isa = PBXFileReference; fileEncoding = 4; lastKnownFileType = sourcecode.c.h; path = ViewController.h; sourceTree = "<group>"; };
		F67684BD19114C06005C492D /* ViewController.m */ = {isa = PBXFileReference; fileEncoding = 4; lastKnownFileType = sourcecode.c.objc; path = ViewController.m; sourceTree = "<group>"; };
/* End PBXFileReference section */

/* Begin PBXFrameworksBuildPhase section */
		F676847B1911489F005C492D /* Frameworks */ = {
			isa = PBXFrameworksBuildPhase;
			buildActionMask = 2147483647;
			files = (
			);
			runOnlyForDeploymentPostprocessing = 0;
		};
/* End PBXFrameworksBuildPhase section */

/* Begin PBXGroup section */
		A57807981926BC5800F1BA99 /* Source */ = {
			isa = PBXGroup;
			children = (
				F676848D1911489F005C492D /* main.m */,
				F67684901911489F005C492D /* AppDelegate.h */,
				F67684911911489F005C492D /* AppDelegate.m */,
				F67684BC19114C06005C492D /* ViewController.h */,
				F67684BD19114C06005C492D /* ViewController.m */,
			);
			path = Source;
			sourceTree = "<group>";
		};
		A57807991926BC5D00F1BA99 /* Resources */ = {
			isa = PBXGroup;
			children = (
				F67684891911489F005C492D /* Info.plist */,
				A5FF7BC419E7446100CA0CEA /* Launch Screen.xib */,
				F676849F1911489F005C492D /* Images.xcassets */,
			);
			path = Resources;
			sourceTree = "<group>";
		};
		F67684751911489F005C492D = {
			isa = PBXGroup;
			children = (
				A57807981926BC5800F1BA99 /* Source */,
				A57807991926BC5D00F1BA99 /* Resources */,
				F676847F1911489F005C492D /* Products */,
			);
			sourceTree = "<group>";
		};
		F676847F1911489F005C492D /* Products */ = {
			isa = PBXGroup;
			children = (
				F676847E1911489F005C492D /* TopTabs.app */,
			);
			name = Products;
			sourceTree = "<group>";
		};
/* End PBXGroup section */

/* Begin PBXNativeTarget section */
		F676847D1911489F005C492D /* TopTabs */ = {
			isa = PBXNativeTarget;
			buildConfigurationList = F67684B61911489F005C492D /* Build configuration list for PBXNativeTarget "TopTabs" */;
			buildPhases = (
				F676847A1911489F005C492D /* Sources */,
				F676847B1911489F005C492D /* Frameworks */,
				F676847C1911489F005C492D /* Resources */,
			);
			buildRules = (
			);
			dependencies = (
			);
			name = TopTabs;
			productName = TopTabs;
			productReference = F676847E1911489F005C492D /* TopTabs.app */;
			productType = "com.apple.product-type.application";
		};
/* End PBXNativeTarget section */

/* Begin PBXProject section */
		F67684761911489F005C492D /* Project object */ = {
			isa = PBXProject;
			attributes = {
				LastUpgradeCheck = 0720;
				ORGANIZATIONNAME = "Douglas Hill";
			};
			buildConfigurationList = F67684791911489F005C492D /* Build configuration list for PBXProject "TopTabs" */;
			compatibilityVersion = "Xcode 3.2";
			developmentRegion = English;
			hasScannedForEncodings = 0;
			knownRegions = (
				en,
				Base,
			);
			mainGroup = F67684751911489F005C492D;
			productRefGroup = F676847F1911489F005C492D /* Products */;
			projectDirPath = "";
			projectRoot = "";
			targets = (
				F676847D1911489F005C492D /* TopTabs */,
			);
		};
/* End PBXProject section */

/* Begin PBXResourcesBuildPhase section */
		F676847C1911489F005C492D /* Resources */ = {
			isa = PBXResourcesBuildPhase;
			buildActionMask = 2147483647;
			files = (
				F67684A01911489F005C492D /* Images.xcassets in Resources */,
				A5FF7BC519E7446100CA0CEA /* Launch Screen.xib in Resources */,
			);
			runOnlyForDeploymentPostprocessing = 0;
		};
/* End PBXResourcesBuildPhase section */

/* Begin PBXSourcesBuildPhase section */
		F676847A1911489F005C492D /* Sources */ = {
			isa = PBXSourcesBuildPhase;
			buildActionMask = 2147483647;
			files = (
				F67684BE19114C06005C492D /* ViewController.m in Sources */,
				F67684921911489F005C492D /* AppDelegate.m in Sources */,
				F676848E1911489F005C492D /* main.m in Sources */,
			);
			runOnlyForDeploymentPostprocessing = 0;
		};
/* End PBXSourcesBuildPhase section */

/* Begin XCBuildConfiguration section */
		F67684B41911489F005C492D /* Debug */ = {
			isa = XCBuildConfiguration;
			buildSettings = {
				ALWAYS_SEARCH_USER_PATHS = NO;
				CLANG_CXX_LANGUAGE_STANDARD = "gnu++0x";
				CLANG_CXX_LIBRARY = "libc++";
				CLANG_ENABLE_MODULES = YES;
				CLANG_ENABLE_OBJC_ARC = YES;
				CLANG_WARN_BOOL_CONVERSION = YES;
				CLANG_WARN_CONSTANT_CONVERSION = YES;
				CLANG_WARN_DIRECT_OBJC_ISA_USAGE = YES_ERROR;
				CLANG_WARN_EMPTY_BODY = YES;
				CLANG_WARN_ENUM_CONVERSION = YES;
				CLANG_WARN_INT_CONVERSION = YES;
				CLANG_WARN_OBJC_ROOT_CLASS = YES_ERROR;
				CLANG_WARN__DUPLICATE_METHOD_MATCH = YES;
				"CODE_SIGN_IDENTITY[sdk=iphoneos*]" = "iPhone Developer";
				COPY_PHASE_STRIP = NO;
				ENABLE_TESTABILITY = YES;
				GCC_C_LANGUAGE_STANDARD = gnu99;
				GCC_DYNAMIC_NO_PIC = NO;
				GCC_OPTIMIZATION_LEVEL = 0;
				GCC_PREPROCESSOR_DEFINITIONS = (
					"DEBUG=1",
					"$(inherited)",
				);
				GCC_SYMBOLS_PRIVATE_EXTERN = NO;
				GCC_WARN_64_TO_32_BIT_CONVERSION = YES;
				GCC_WARN_ABOUT_RETURN_TYPE = YES_ERROR;
				GCC_WARN_UNDECLARED_SELECTOR = YES;
				GCC_WARN_UNINITIALIZED_AUTOS = YES_AGGRESSIVE;
				GCC_WARN_UNUSED_FUNCTION = YES;
				GCC_WARN_UNUSED_VARIABLE = YES;
				IPHONEOS_DEPLOYMENT_TARGET = 8.0;
				ONLY_ACTIVE_ARCH = YES;
				SDKROOT = iphoneos;
				TARGETED_DEVICE_FAMILY = "1,2";
			};
			name = Debug;
		};
		F67684B51911489F005C492D /* Release */ = {
			isa = XCBuildConfiguration;
			buildSettings = {
				ALWAYS_SEARCH_USER_PATHS = NO;
				CLANG_CXX_LANGUAGE_STANDARD = "gnu++0x";
				CLANG_CXX_LIBRARY = "libc++";
				CLANG_ENABLE_MODULES = YES;
				CLANG_ENABLE_OBJC_ARC = YES;
				CLANG_WARN_BOOL_CONVERSION = YES;
				CLANG_WARN_CONSTANT_CONVERSION = YES;
				CLANG_WARN_DIRECT_OBJC_ISA_USAGE = YES_ERROR;
				CLANG_WARN_EMPTY_BODY = YES;
				CLANG_WARN_ENUM_CONVERSION = YES;
				CLANG_WARN_INT_CONVERSION = YES;
				CLANG_WARN_OBJC_ROOT_CLASS = YES_ERROR;
				CLANG_WARN__DUPLICATE_METHOD_MATCH = YES;
				"CODE_SIGN_IDENTITY[sdk=iphoneos*]" = "iPhone Developer";
				COPY_PHASE_STRIP = YES;
				ENABLE_NS_ASSERTIONS = NO;
				GCC_C_LANGUAGE_STANDARD = gnu99;
				GCC_WARN_64_TO_32_BIT_CONVERSION = YES;
				GCC_WARN_ABOUT_RETURN_TYPE = YES_ERROR;
				GCC_WARN_UNDECLARED_SELECTOR = YES;
				GCC_WARN_UNINITIALIZED_AUTOS = YES_AGGRESSIVE;
				GCC_WARN_UNUSED_FUNCTION = YES;
				GCC_WARN_UNUSED_VARIABLE = YES;
				IPHONEOS_DEPLOYMENT_TARGET = 8.0;
				SDKROOT = iphoneos;
				TARGETED_DEVICE_FAMILY = "1,2";
				VALIDATE_PRODUCT = YES;
			};
			name = Release;
		};
		F67684B71911489F005C492D /* Debug */ = {
			isa = XCBuildConfiguration;
			buildSettings = {
				ASSETCATALOG_COMPILER_APPICON_NAME = AppIcon;
				INFOPLIST_FILE = Resources/Info.plist;
				PRODUCT_BUNDLE_IDENTIFIER = "co.douglashill.${PRODUCT_NAME:rfc1034identifier}";
				PRODUCT_NAME = "$(TARGET_NAME)";
				WRAPPER_EXTENSION = app;
			};
			name = Debug;
		};
		F67684B81911489F005C492D /* Release */ = {
			isa = XCBuildConfiguration;
			buildSettings = {
				ASSETCATALOG_COMPILER_APPICON_NAME = AppIcon;
				INFOPLIST_FILE = Resources/Info.plist;
				PRODUCT_BUNDLE_IDENTIFIER = "co.douglashill.${PRODUCT_NAME:rfc1034identifier}";
				PRODUCT_NAME = "$(TARGET_NAME)";
				WRAPPER_EXTENSION = app;
			};
			name = Release;
		};
/* End XCBuildConfiguration section */

/* Begin XCConfigurationList section */
		F67684791911489F005C492D /* Build configuration list for PBXProject "TopTabs" */ = {
			isa = XCConfigurationList;
			buildConfigurations = (
				F67684B41911489F005C492D /* Debug */,
				F67684B51911489F005C492D /* Release */,
			);
			defaultConfigurationIsVisible = 0;
			defaultConfigurationName = Release;
		};
		F67684B61911489F005C492D /* Build configuration list for PBXNativeTarget "TopTabs" */ = {
			isa = XCConfigurationList;
			buildConfigurations = (
				F67684B71911489F005C492D /* Debug */,
				F67684B81911489F005C492D /* Release */,
			);
			defaultConfigurationIsVisible = 0;
			defaultConfigurationName = Release;
		};
/* End XCConfigurationList section */
	};
	rootObject = F67684761911489F005C492D /* Project object */;
}
